
Microsoft Visual Studio Solution File, Format Version 12.00
# Visual Studio Version 16
VisualStudioVersion = 16.0.28803.202
MinimumVisualStudioVersion = 10.0.40219.1
Project("{FAE04EC0-301F-11D3-BF4B-00C04F79EFBC}") = "Sliding_puzzle", "Sliding_puzzle.csproj", "{DE3700F6-2117-453F-99BA-DF46D00E585B}"
EndProject
Global
	GlobalSection(SolutionConfigurationPlatforms) = preSolution
		Debug|Any CPU = Debug|Any CPU
		Release|Any CPU = Release|Any CPU
	EndGlobalSection
	GlobalSection(ProjectConfigurationPlatforms) = postSolution
		{DE3700F6-2117-453F-99BA-DF46D00E585B}.Debug|Any CPU.ActiveCfg = Debug|Any CPU
		{DE3700F6-2117-453F-99BA-DF46D00E585B}.Debug|Any CPU.Build.0 = Debug|Any CPU
		{DE3700F6-2117-453F-99BA-DF46D00E585B}.Release|Any CPU.ActiveCfg = Release|Any CPU
		{DE3700F6-2117-453F-99BA-DF46D00E585B}.Release|Any CPU.Build.0 = Release|Any CPU
	EndGlobalSection
	GlobalSection(SolutionProperties) = preSolution
		HideSolutionNode = FALSE
	EndGlobalSection
	GlobalSection(ExtensibilityGlobals) = postSolution
		SolutionGuid = {92DEDD9B-A770-4E6F-AED9-40064C823480}
	EndGlobalSection
EndGlobal
